{
  "name": "rabbitmq-consumer",
  "version": "1.0.0",
  "lockfileVersion": 3,
  "requires": true,
  "packages": {
    "": {
      "name": "rabbitmq-consumer",
      "version": "1.0.0",
      "license": "ISC",
      "dependencies": {
        "rabbitmq-consumer": "file:"
      }
    },
    "node_modules/rabbitmq-consumer": {
      "resolved": "",
      "link": true
    }
  }
}
