{
  "name": "topkposts-service",
  "version": "1.0.0",
  "lockfileVersion": 3,
  "requires": true,
  "packages": {
    "": {
      "name": "topkposts-service",
      "version": "1.0.0",
      "license": "ISC",
      "dependencies": {
        "topkposts-service": "file:"
      }
    },
    "node_modules/topkposts-service": {
      "resolved": "",
      "link": true
    }
  }
}
